// !$*UTF8*$!
{
	archiveVersion = 1;
	classes = {
	};
	objectVersion = 77;
	objects = {

/* Begin PBXBuildFile section */
		3341F6FC2EBCA7D30042DACF /* UIKit.framework in Frameworks */ = {isa = PBXBuildFile; fileRef = 3341F6FB2EBCA7D30042DACF /* UIKit.framework */; };
		3341F6FE2EBCA7DA0042DACF /* WebKit.framework in Frameworks */ = {isa = PBXBuildFile; fileRef = 3341F6FD2EBCA7DA0042DACF /* WebKit.framework */; };
		3341F7002EBCA7E10042DACF /* Foundation.framework in Frameworks */ = {isa = PBXBuildFile; fileRef = 3341F6FF2EBCA7E10042DACF /* Foundation.framework */; };
		3341F7022EBCA7ED0042DACF /* CoreGraphics.framework in Frameworks */ = {isa = PBXBuildFile; fileRef = 3341F7012EBCA7ED0042DACF /* CoreGraphics.framework */; };
		3341F7042EBCA7FB0042DACF /* CryptoKit.framework in Frameworks */ = {isa = PBXBuildFile; fileRef = 3341F7032EBCA7FB0042DACF /* CryptoKit.framework */; };
		337EECF72EC013C200389FCA /* SlectableKeyboard.appex in Embed Foundation Extensions */ = {isa = PBXBuildFile; fileRef = 337EECF02EC013C200389FCA /* SlectableKeyboard.appex */; settings = {ATTRIBUTES = (RemoveHeadersOnCopy, ); }; };
/* End PBXBuildFile section */

/* Begin PBXContainerItemProxy section */
		3341F6DA2EBCA6A80042DACF /* PBXContainerItemProxy */ = {
			isa = PBXContainerItemProxy;
			containerPortal = 3341F6C22EBCA6A60042DACF /* Project object */;
			proxyType = 1;
			remoteGlobalIDString = 3341F6C92EBCA6A60042DACF;
			remoteInfo = SwiftPost;
		};
		3341F6E42EBCA6A80042DACF /* PBXContainerItemProxy */ = {
			isa = PBXContainerItemProxy;
			containerPortal = 3341F6C22EBCA6A60042DACF /* Project object */;
			proxyType = 1;
			remoteGlobalIDString = 3341F6C92EBCA6A60042DACF;
			remoteInfo = SwiftPost;
		};
		337EECF52EC013C200389FCA /* PBXContainerItemProxy */ = {
			isa = PBXContainerItemProxy;
			containerPortal = 3341F6C22EBCA6A60042DACF /* Project object */;
			proxyType = 1;
			remoteGlobalIDString = 337EECEF2EC013C200389FCA;
			remoteInfo = SlectableKeyboard;
		};
/* End PBXContainerItemProxy section */

/* Begin PBXCopyFilesBuildPhase section */
		337EECC22EC00AE100389FCA /* Embed Foundation Extensions */ = {
			isa = PBXCopyFilesBuildPhase;
			buildActionMask = 2147483647;
			dstPath = "";
			dstSubfolderSpec = 13;
			files = (
				337EECF72EC013C200389FCA /* SlectableKeyboard.appex in Embed Foundation Extensions */,
			);
			name = "Embed Foundation Extensions";
			runOnlyForDeploymentPostprocessing = 0;
		};
/* End PBXCopyFilesBuildPhase section */

/* Begin PBXFileReference section */
		3341F6CA2EBCA6A60042DACF /* SwiftPost.app */ = {isa = PBXFileReference; explicitFileType = wrapper.application; includeInIndex = 0; path = SwiftPost.app; sourceTree = BUILT_PRODUCTS_DIR; };
		3341F6D92EBCA6A80042DACF /* SwiftPostTests.xctest */ = {isa = PBXFileReference; explicitFileType = wrapper.cfbundle; includeInIndex = 0; path = SwiftPostTests.xctest; sourceTree = BUILT_PRODUCTS_DIR; };
		3341F6E32EBCA6A80042DACF /* SwiftPostUITests.xctest */ = {isa = PBXFileReference; explicitFileType = wrapper.cfbundle; includeInIndex = 0; path = SwiftPostUITests.xctest; sourceTree = BUILT_PRODUCTS_DIR; };
		3341F6FB2EBCA7D30042DACF /* UIKit.framework */ = {isa = PBXFileReference; lastKnownFileType = wrapper.framework; name = UIKit.framework; path = System/Library/Frameworks/UIKit.framework; sourceTree = SDKROOT; };
		3341F6FD2EBCA7DA0042DACF /* WebKit.framework */ = {isa = PBXFileReference; lastKnownFileType = wrapper.framework; name = WebKit.framework; path = System/Library/Frameworks/WebKit.framework; sourceTree = SDKROOT; };
		3341F6FF2EBCA7E10042DACF /* Foundation.framework */ = {isa = PBXFileReference; lastKnownFileType = wrapper.framework; name = Foundation.framework; path = System/Library/Frameworks/Foundation.framework; sourceTree = SDKROOT; };
		3341F7012EBCA7ED0042DACF /* CoreGraphics.framework */ = {isa = PBXFileReference; lastKnownFileType = wrapper.framework; name = CoreGraphics.framework; path = System/Library/Frameworks/CoreGraphics.framework; sourceTree = SDKROOT; };
		3341F7032EBCA7FB0042DACF /* CryptoKit.framework */ = {isa = PBXFileReference; lastKnownFileType = wrapper.framework; name = CryptoKit.framework; path = System/Library/Frameworks/CryptoKit.framework; sourceTree = SDKROOT; };
		337EECF02EC013C200389FCA /* SlectableKeyboard.appex */ = {isa = PBXFileReference; explicitFileType = "wrapper.app-extension"; includeInIndex = 0; path = SlectableKeyboard.appex; sourceTree = BUILT_PRODUCTS_DIR; };
/* End PBXFileReference section */

/* Begin PBXFileSystemSynchronizedBuildFileExceptionSet section */
		337EECC42EC00EC300389FCA /* Exceptions for "SwiftPost" folder in "SwiftPost" target */ = {
			isa = PBXFileSystemSynchronizedBuildFileExceptionSet;
			membershipExceptions = (
				Info.plist,
			);
			target = 3341F6C92EBCA6A60042DACF /* SwiftPost */;
		};
		337EECFB2EC013C200389FCA /* Exceptions for "SlectableKeyboard" folder in "SlectableKeyboard" target */ = {
			isa = PBXFileSystemSynchronizedBuildFileExceptionSet;
			membershipExceptions = (
				Info.plist,
			);
			target = 337EECEF2EC013C200389FCA /* SlectableKeyboard */;
		};
/* End PBXFileSystemSynchronizedBuildFileExceptionSet section */

/* Begin PBXFileSystemSynchronizedRootGroup section */
		3341F6CC2EBCA6A60042DACF /* SwiftPost */ = {
			isa = PBXFileSystemSynchronizedRootGroup;
			exceptions = (
				337EECC42EC00EC300389FCA /* Exceptions for "SwiftPost" folder in "SwiftPost" target */,
			);
			path = SwiftPost;
			sourceTree = "<group>";
		};
		3341F6DC2EBCA6A80042DACF /* SwiftPostTests */ = {
			isa = PBXFileSystemSynchronizedRootGroup;
			path = SwiftPostTests;
			sourceTree = "<group>";
		};
		3341F6E62EBCA6A80042DACF /* SwiftPostUITests */ = {
			isa = PBXFileSystemSynchronizedRootGroup;
			path = SwiftPostUITests;
			sourceTree = "<group>";
		};
		337EECF12EC013C200389FCA /* SlectableKeyboard */ = {
			isa = PBXFileSystemSynchronizedRootGroup;
			exceptions = (
				337EECFB2EC013C200389FCA /* Exceptions for "SlectableKeyboard" folder in "SlectableKeyboard" target */,
			);
			path = SlectableKeyboard;
			sourceTree = "<group>";
		};
/* End PBXFileSystemSynchronizedRootGroup section */

/* Begin PBXFrameworksBuildPhase section */
		3341F6C72EBCA6A60042DACF /* Frameworks */ = {
			isa = PBXFrameworksBuildPhase;
			buildActionMask = 2147483647;
			files = (
				3341F7022EBCA7ED0042DACF /* CoreGraphics.framework in Frameworks */,
				3341F6FE2EBCA7DA0042DACF /* WebKit.framework in Frameworks */,
				3341F7042EBCA7FB0042DACF /* CryptoKit.framework in Frameworks */,
				3341F7002EBCA7E10042DACF /* Foundation.framework in Frameworks */,
				3341F6FC2EBCA7D30042DACF /* UIKit.framework in Frameworks */,
			);
			runOnlyForDeploymentPostprocessing = 0;
		};
		3341F6D62EBCA6A80042DACF /* Frameworks */ = {
			isa = PBXFrameworksBuildPhase;
			buildActionMask = 2147483647;
			files = (
			);
			runOnlyForDeploymentPostprocessing = 0;
		};
		3341F6E02EBCA6A80042DACF /* Frameworks */ = {
			isa = PBXFrameworksBuildPhase;
			buildActionMask = 2147483647;
			files = (
			);
			runOnlyForDeploymentPostprocessing = 0;
		};
		337EECED2EC013C200389FCA /* Frameworks */ = {
			isa = PBXFrameworksBuildPhase;
			buildActionMask = 2147483647;
			files = (
			);
			runOnlyForDeploymentPostprocessing = 0;
		};
/* End PBXFrameworksBuildPhase section */

/* Begin PBXGroup section */
		3341F6C12EBCA6A60042DACF = {
			isa = PBXGroup;
			children = (
				3341F6CC2EBCA6A60042DACF /* SwiftPost */,
				3341F6DC2EBCA6A80042DACF /* SwiftPostTests */,
				3341F6E62EBCA6A80042DACF /* SwiftPostUITests */,
				337EECF12EC013C200389FCA /* SlectableKeyboard */,
				3341F6FA2EBCA7D30042DACF /* Frameworks */,
				3341F6CB2EBCA6A60042DACF /* Products */,
			);
			sourceTree = "<group>";
		};
		3341F6CB2EBCA6A60042DACF /* Products */ = {
			isa = PBXGroup;
			children = (
				3341F6CA2EBCA6A60042DACF /* SwiftPost.app */,
				3341F6D92EBCA6A80042DACF /* SwiftPostTests.xctest */,
				3341F6E32EBCA6A80042DACF /* SwiftPostUITests.xctest */,
				337EECF02EC013C200389FCA /* SlectableKeyboard.appex */,
			);
			name = Products;
			sourceTree = "<group>";
		};
		3341F6FA2EBCA7D30042DACF /* Frameworks */ = {
			isa = PBXGroup;
			children = (
				3341F7032EBCA7FB0042DACF /* CryptoKit.framework */,
				3341F7012EBCA7ED0042DACF /* CoreGraphics.framework */,
				3341F6FF2EBCA7E10042DACF /* Foundation.framework */,
				3341F6FD2EBCA7DA0042DACF /* WebKit.framework */,
				3341F6FB2EBCA7D30042DACF /* UIKit.framework */,
			);
			name = Frameworks;
			sourceTree = "<group>";
		};
/* End PBXGroup section */

/* Begin PBXNativeTarget section */
		3341F6C92EBCA6A60042DACF /* SwiftPost */ = {
			isa = PBXNativeTarget;
			buildConfigurationList = 3341F6ED2EBCA6A80042DACF /* Build configuration list for PBXNativeTarget "SwiftPost" */;
			buildPhases = (
				3341F6C62EBCA6A60042DACF /* Sources */,
				3341F6C72EBCA6A60042DACF /* Frameworks */,
				3341F6C82EBCA6A60042DACF /* Resources */,
				337EECC22EC00AE100389FCA /* Embed Foundation Extensions */,
			);
			buildRules = (
			);
			dependencies = (
				337EECF62EC013C200389FCA /* PBXTargetDependency */,
			);
			fileSystemSynchronizedGroups = (
				3341F6CC2EBCA6A60042DACF /* SwiftPost */,
			);
			name = SwiftPost;
			packageProductDependencies = (
			);
			productName = SwiftPost;
			productReference = 3341F6CA2EBCA6A60042DACF /* SwiftPost.app */;
			productType = "com.apple.product-type.application";
		};
		3341F6D82EBCA6A80042DACF /* SwiftPostTests */ = {
			isa = PBXNativeTarget;
			buildConfigurationList = 3341F6F02EBCA6A80042DACF /* Build configuration list for PBXNativeTarget "SwiftPostTests" */;
			buildPhases = (
				3341F6D52EBCA6A80042DACF /* Sources */,
				3341F6D62EBCA6A80042DACF /* Frameworks */,
				3341F6D72EBCA6A80042DACF /* Resources */,
			);
			buildRules = (
			);
			dependencies = (
				3341F6DB2EBCA6A80042DACF /* PBXTargetDependency */,
			);
			fileSystemSynchronizedGroups = (
				3341F6DC2EBCA6A80042DACF /* SwiftPostTests */,
			);
			name = SwiftPostTests;
			packageProductDependencies = (
			);
			productName = SwiftPostTests;
			productReference = 3341F6D92EBCA6A80042DACF /* SwiftPostTests.xctest */;
			productType = "com.apple.product-type.bundle.unit-test";
		};
		3341F6E22EBCA6A80042DACF /* SwiftPostUITests */ = {
			isa = PBXNativeTarget;
			buildConfigurationList = 3341F6F32EBCA6A80042DACF /* Build configuration list for PBXNativeTarget "SwiftPostUITests" */;
			buildPhases = (
				3341F6DF2EBCA6A80042DACF /* Sources */,
				3341F6E02EBCA6A80042DACF /* Frameworks */,
				3341F6E12EBCA6A80042DACF /* Resources */,
			);
			buildRules = (
			);
			dependencies = (
				3341F6E52EBCA6A80042DACF /* PBXTargetDependency */,
			);
			fileSystemSynchronizedGroups = (
				3341F6E62EBCA6A80042DACF /* SwiftPostUITests */,
			);
			name = SwiftPostUITests;
			packageProductDependencies = (
			);
			productName = SwiftPostUITests;
			productReference = 3341F6E32EBCA6A80042DACF /* SwiftPostUITests.xctest */;
			productType = "com.apple.product-type.bundle.ui-testing";
		};
		337EECEF2EC013C200389FCA /* SlectableKeyboard */ = {
			isa = PBXNativeTarget;
			buildConfigurationList = 337EECF82EC013C200389FCA /* Build configuration list for PBXNativeTarget "SlectableKeyboard" */;
			buildPhases = (
				337EECEC2EC013C200389FCA /* Sources */,
				337EECED2EC013C200389FCA /* Frameworks */,
				337EECEE2EC013C200389FCA /* Resources */,
			);
			buildRules = (
			);
			dependencies = (
			);
			fileSystemSynchronizedGroups = (
				337EECF12EC013C200389FCA /* SlectableKeyboard */,
			);
			name = SlectableKeyboard;
			packageProductDependencies = (
			);
			productName = SlectableKeyboard;
			productReference = 337EECF02EC013C200389FCA /* SlectableKeyboard.appex */;
			productType = "com.apple.product-type.app-extension";
		};
/* End PBXNativeTarget section */

/* Begin PBXProject section */
		3341F6C22EBCA6A60042DACF /* Project object */ = {
			isa = PBXProject;
			attributes = {
				BuildIndependentTargetsInParallel = 1;
				LastSwiftUpdateCheck = 2600;
				LastUpgradeCheck = 2600;
				TargetAttributes = {
					3341F6C92EBCA6A60042DACF = {
						CreatedOnToolsVersion = 26.0.1;
					};
					3341F6D82EBCA6A80042DACF = {
						CreatedOnToolsVersion = 26.0.1;
						TestTargetID = 3341F6C92EBCA6A60042DACF;
					};
					3341F6E22EBCA6A80042DACF = {
						CreatedOnToolsVersion = 26.0.1;
						TestTargetID = 3341F6C92EBCA6A60042DACF;
					};
					337EECEF2EC013C200389FCA = {
						CreatedOnToolsVersion = 26.0.1;
					};
				};
			};
			buildConfigurationList = 3341F6C52EBCA6A60042DACF /* Build configuration list for PBXProject "SwiftPost" */;
			developmentRegion = en;
			hasScannedForEncodings = 0;
			knownRegions = (
				en,
				Base,
			);
			mainGroup = 3341F6C12EBCA6A60042DACF;
			minimizedProjectReferenceProxies = 1;
			preferredProjectObjectVersion = 77;
			productRefGroup = 3341F6CB2EBCA6A60042DACF /* Products */;
			projectDirPath = "";
			projectRoot = "";
			targets = (
				3341F6C92EBCA6A60042DACF /* SwiftPost */,
				3341F6D82EBCA6A80042DACF /* SwiftPostTests */,
				3341F6E22EBCA6A80042DACF /* SwiftPostUITests */,
				337EECEF2EC013C200389FCA /* SlectableKeyboard */,
			);
		};
/* End PBXProject section */

/* Begin PBXResourcesBuildPhase section */
		3341F6C82EBCA6A60042DACF /* Resources */ = {
			isa = PBXResourcesBuildPhase;
			buildActionMask = 2147483647;
			files = (
			);
			runOnlyForDeploymentPostprocessing = 0;
		};
		3341F6D72EBCA6A80042DACF /* Resources */ = {
			isa = PBXResourcesBuildPhase;
			buildActionMask = 2147483647;
			files = (
			);
			runOnlyForDeploymentPostprocessing = 0;
		};
		3341F6E12EBCA6A80042DACF /* Resources */ = {
			isa = PBXResourcesBuildPhase;
			buildActionMask = 2147483647;
			files = (
			);
			runOnlyForDeploymentPostprocessing = 0;
		};
		337EECEE2EC013C200389FCA /* Resources */ = {
			isa = PBXResourcesBuildPhase;
			buildActionMask = 2147483647;
			files = (
			);
			runOnlyForDeploymentPostprocessing = 0;
		};
/* End PBXResourcesBuildPhase section */

/* Begin PBXSourcesBuildPhase section */
		3341F6C62EBCA6A60042DACF /* Sources */ = {
			isa = PBXSourcesBuildPhase;
			buildActionMask = 2147483647;
			files = (
			);
			runOnlyForDeploymentPostprocessing = 0;
		};
		3341F6D52EBCA6A80042DACF /* Sources */ = {
			isa = PBXSourcesBuildPhase;
			buildActionMask = 2147483647;
			files = (
			);
			runOnlyForDeploymentPostprocessing = 0;
		};
		3341F6DF2EBCA6A80042DACF /* Sources */ = {
			isa = PBXSourcesBuildPhase;
			buildActionMask = 2147483647;
			files = (
			);
			runOnlyForDeploymentPostprocessing = 0;
		};
		337EECEC2EC013C200389FCA /* Sources */ = {
			isa = PBXSourcesBuildPhase;
			buildActionMask = 2147483647;
			files = (
			);
			runOnlyForDeploymentPostprocessing = 0;
		};
/* End PBXSourcesBuildPhase section */

/* Begin PBXTargetDependency section */
		3341F6DB2EBCA6A80042DACF /* PBXTargetDependency */ = {
			isa = PBXTargetDependency;
			target = 3341F6C92EBCA6A60042DACF /* SwiftPost */;
			targetProxy = 3341F6DA2EBCA6A80042DACF /* PBXContainerItemProxy */;
		};
		3341F6E52EBCA6A80042DACF /* PBXTargetDependency */ = {
			isa = PBXTargetDependency;
			target = 3341F6C92EBCA6A60042DACF /* SwiftPost */;
			targetProxy = 3341F6E42EBCA6A80042DACF /* PBXContainerItemProxy */;
		};
		337EECF62EC013C200389FCA /* PBXTargetDependency */ = {
			isa = PBXTargetDependency;
			target = 337EECEF2EC013C200389FCA /* SlectableKeyboard */;
			targetProxy = 337EECF52EC013C200389FCA /* PBXContainerItemProxy */;
		};
/* End PBXTargetDependency section */

/* Begin XCBuildConfiguration section */
		3341F6EB2EBCA6A80042DACF /* Debug */ = {
			isa = XCBuildConfiguration;
			buildSettings = {
				ALWAYS_SEARCH_USER_PATHS = NO;
				ASSETCATALOG_COMPILER_GENERATE_SWIFT_ASSET_SYMBOL_EXTENSIONS = YES;
				CLANG_ANALYZER_NONNULL = YES;
				CLANG_ANALYZER_NUMBER_OBJECT_CONVERSION = YES_AGGRESSIVE;
				CLANG_CXX_LANGUAGE_STANDARD = "gnu++20";
				CLANG_ENABLE_MODULES = YES;
				CLANG_ENABLE_OBJC_ARC = YES;
				CLANG_ENABLE_OBJC_WEAK = YES;
				CLANG_WARN_BLOCK_CAPTURE_AUTORELEASING = YES;
				CLANG_WARN_BOOL_CONVERSION = YES;
				CLANG_WARN_COMMA = YES;
				CLANG_WARN_CONSTANT_CONVERSION = YES;
				CLANG_WARN_DEPRECATED_OBJC_IMPLEMENTATIONS = YES;
				CLANG_WARN_DIRECT_OBJC_ISA_USAGE = YES_ERROR;
				CLANG_WARN_DOCUMENTATION_COMMENTS = YES;
				CLANG_WARN_EMPTY_BODY = YES;
				CLANG_WARN_ENUM_CONVERSION = YES;
				CLANG_WARN_INFINITE_RECURSION = YES;
				CLANG_WARN_INT_CONVERSION = YES;
				CLANG_WARN_NON_LITERAL_NULL_CONVERSION = YES;
				CLANG_WARN_OBJC_IMPLICIT_RETAIN_SELF = YES;
				CLANG_WARN_OBJC_LITERAL_CONVERSION = YES;
				CLANG_WARN_OBJC_ROOT_CLASS = YES_ERROR;
				CLANG_WARN_QUOTED_INCLUDE_IN_FRAMEWORK_HEADER = YES;
				CLANG_WARN_RANGE_LOOP_ANALYSIS = YES;
				CLANG_WARN_STRICT_PROTOTYPES = YES;
				CLANG_WARN_SUSPICIOUS_MOVE = YES;
				CLANG_WARN_UNGUARDED_AVAILABILITY = YES_AGGRESSIVE;
				CLANG_WARN_UNREACHABLE_CODE = YES;
				CLANG_WARN__DUPLICATE_METHOD_MATCH = YES;
				COPY_PHASE_STRIP = NO;
				DEBUG_INFORMATION_FORMAT = dwarf;
				DEVELOPMENT_TEAM = 834XFBML77;
				ENABLE_STRICT_OBJC_MSGSEND = YES;
				ENABLE_TESTABILITY = YES;
				ENABLE_USER_SCRIPT_SANDBOXING = YES;
				GCC_C_LANGUAGE_STANDARD = gnu17;
				GCC_DYNAMIC_NO_PIC = NO;
				GCC_NO_COMMON_BLOCKS = YES;
				GCC_OPTIMIZATION_LEVEL = 0;
				GCC_PREPROCESSOR_DEFINITIONS = (
					"DEBUG=1",
					"$(inherited)",
				);
				GCC_WARN_64_TO_32_BIT_CONVERSION = YES;
				GCC_WARN_ABOUT_RETURN_TYPE = YES_ERROR;
				GCC_WARN_UNDECLARED_SELECTOR = YES;
				GCC_WARN_UNINITIALIZED_AUTOS = YES_AGGRESSIVE;
				GCC_WARN_UNUSED_FUNCTION = YES;
				GCC_WARN_UNUSED_VARIABLE = YES;
				IPHONEOS_DEPLOYMENT_TARGET = 17.6;
				LOCALIZATION_PREFERS_STRING_CATALOGS = YES;
				MTL_ENABLE_DEBUG_INFO = INCLUDE_SOURCE;
				MTL_FAST_MATH = YES;
				ONLY_ACTIVE_ARCH = YES;
				SDKROOT = iphoneos;
				SWIFT_ACTIVE_COMPILATION_CONDITIONS = "DEBUG $(inherited)";
				SWIFT_OPTIMIZATION_LEVEL = "-Onone";
			};
			name = Debug;
		};
		3341F6EC2EBCA6A80042DACF /* Release */ = {
			isa = XCBuildConfiguration;
			buildSettings = {
				ALWAYS_SEARCH_USER_PATHS = NO;
				ASSETCATALOG_COMPILER_GENERATE_SWIFT_ASSET_SYMBOL_EXTENSIONS = YES;
				CLANG_ANALYZER_NONNULL = YES;
				CLANG_ANALYZER_NUMBER_OBJECT_CONVERSION = YES_AGGRESSIVE;
				CLANG_CXX_LANGUAGE_STANDARD = "gnu++20";
				CLANG_ENABLE_MODULES = YES;
				CLANG_ENABLE_OBJC_ARC = YES;
				CLANG_ENABLE_OBJC_WEAK = YES;
				CLANG_WARN_BLOCK_CAPTURE_AUTORELEASING = YES;
				CLANG_WARN_BOOL_CONVERSION = YES;
				CLANG_WARN_COMMA = YES;
				CLANG_WARN_CONSTANT_CONVERSION = YES;
				CLANG_WARN_DEPRECATED_OBJC_IMPLEMENTATIONS = YES;
				CLANG_WARN_DIRECT_OBJC_ISA_USAGE = YES_ERROR;
				CLANG_WARN_DOCUMENTATION_COMMENTS = YES;
				CLANG_WARN_EMPTY_BODY = YES;
				CLANG_WARN_ENUM_CONVERSION = YES;
				CLANG_WARN_INFINITE_RECURSION = YES;
				CLANG_WARN_INT_CONVERSION = YES;
				CLANG_WARN_NON_LITERAL_NULL_CONVERSION = YES;
				CLANG_WARN_OBJC_IMPLICIT_RETAIN_SELF = YES;
				CLANG_WARN_OBJC_LITERAL_CONVERSION = YES;
				CLANG_WARN_OBJC_ROOT_CLASS = YES_ERROR;
				CLANG_WARN_QUOTED_INCLUDE_IN_FRAMEWORK_HEADER = YES;
				CLANG_WARN_RANGE_LOOP_ANALYSIS = YES;
				CLANG_WARN_STRICT_PROTOTYPES = YES;
				CLANG_WARN_SUSPICIOUS_MOVE = YES;
				CLANG_WARN_UNGUARDED_AVAILABILITY = YES_AGGRESSIVE;
				CLANG_WARN_UNREACHABLE_CODE = YES;
				CLANG_WARN__DUPLICATE_METHOD_MATCH = YES;
				COPY_PHASE_STRIP = NO;
				DEBUG_INFORMATION_FORMAT = "dwarf-with-dsym";
				DEVELOPMENT_TEAM = 834XFBML77;
				ENABLE_NS_ASSERTIONS = NO;
				ENABLE_STRICT_OBJC_MSGSEND = YES;
				ENABLE_USER_SCRIPT_SANDBOXING = YES;
				GCC_C_LANGUAGE_STANDARD = gnu17;
				GCC_NO_COMMON_BLOCKS = YES;
				GCC_WARN_64_TO_32_BIT_CONVERSION = YES;
				GCC_WARN_ABOUT_RETURN_TYPE = YES_ERROR;
				GCC_WARN_UNDECLARED_SELECTOR = YES;
				GCC_WARN_UNINITIALIZED_AUTOS = YES_AGGRESSIVE;
				GCC_WARN_UNUSED_FUNCTION = YES;
				GCC_WARN_UNUSED_VARIABLE = YES;
				IPHONEOS_DEPLOYMENT_TARGET = 17.6;
				LOCALIZATION_PREFERS_STRING_CATALOGS = YES;
				MTL_ENABLE_DEBUG_INFO = NO;
				MTL_FAST_MATH = YES;
				SDKROOT = iphoneos;
				SWIFT_COMPILATION_MODE = wholemodule;
				VALIDATE_PRODUCT = YES;
			};
			name = Release;
		};
		3341F6EE2EBCA6A80042DACF /* Debug */ = {
			isa = XCBuildConfiguration;
			buildSettings = {
				ASSETCATALOG_COMPILER_APPICON_NAME = AppIcon;
				ASSETCATALOG_COMPILER_GLOBAL_ACCENT_COLOR_NAME = AccentColor;
				CODE_SIGN_STYLE = Automatic;
				CURRENT_PROJECT_VERSION = 1;
				DEVELOPMENT_TEAM = 64KW44F42K;
				ENABLE_PREVIEWS = YES;
				GENERATE_INFOPLIST_FILE = YES;
				INFOPLIST_FILE = SwiftPost/Info.plist;
				INFOPLIST_KEY_CFBundleDisplayName = "";
				INFOPLIST_KEY_LSApplicationCategoryType = "public.app-category.business";
				INFOPLIST_KEY_UIApplicationSceneManifest_Generation = YES;
				INFOPLIST_KEY_UIApplicationSupportsIndirectInputEvents = YES;
				INFOPLIST_KEY_UILaunchScreen_Generation = YES;
				INFOPLIST_KEY_UISupportedInterfaceOrientations_iPad = "UIInterfaceOrientationPortrait UIInterfaceOrientationPortraitUpsideDown UIInterfaceOrientationLandscapeLeft UIInterfaceOrientationLandscapeRight";
				INFOPLIST_KEY_UISupportedInterfaceOrientations_iPhone = "UIInterfaceOrientationPortrait UIInterfaceOrientationLandscapeLeft UIInterfaceOrientationLandscapeRight";
				IPHONEOS_DEPLOYMENT_TARGET = 17.6;
				LD_RUNPATH_SEARCH_PATHS = (
					"$(inherited)",
					"@executable_path/Frameworks",
				);
				MARKETING_VERSION = 1.0;
				PRODUCT_BUNDLE_IDENTIFIER = com.zdbk.SwiftPost.SwiftPost;
				PRODUCT_NAME = "$(TARGET_NAME)";
				STRING_CATALOG_GENERATE_SYMBOLS = YES;
				SWIFT_APPROACHABLE_CONCURRENCY = YES;
				SWIFT_DEFAULT_ACTOR_ISOLATION = MainActor;
				SWIFT_EMIT_LOC_STRINGS = YES;
				SWIFT_UPCOMING_FEATURE_MEMBER_IMPORT_VISIBILITY = YES;
				SWIFT_VERSION = 5.0;
				TARGETED_DEVICE_FAMILY = "1,2";
			};
			name = Debug;
		};
		3341F6EF2EBCA6A80042DACF /* Release */ = {
			isa = XCBuildConfiguration;
			buildSettings = {
				ASSETCATALOG_COMPILER_APPICON_NAME = AppIcon;
				ASSETCATALOG_COMPILER_GLOBAL_ACCENT_COLOR_NAME = AccentColor;
				CODE_SIGN_STYLE = Automatic;
				CURRENT_PROJECT_VERSION = 1;
				DEVELOPMENT_TEAM = 64KW44F42K;
				ENABLE_PREVIEWS = YES;
				GENERATE_INFOPLIST_FILE = YES;
				INFOPLIST_FILE = SwiftPost/Info.plist;
				INFOPLIST_KEY_CFBundleDisplayName = "";
				INFOPLIST_KEY_LSApplicationCategoryType = "public.app-category.business";
				INFOPLIST_KEY_UIApplicationSceneManifest_Generation = YES;
				INFOPLIST_KEY_UIApplicationSupportsIndirectInputEvents = YES;
				INFOPLIST_KEY_UILaunchScreen_Generation = YES;
				INFOPLIST_KEY_UISupportedInterfaceOrientations_iPad = "UIInterfaceOrientationPortrait UIInterfaceOrientationPortraitUpsideDown UIInterfaceOrientationLandscapeLeft UIInterfaceOrientationLandscapeRight";
				INFOPLIST_KEY_UISupportedInterfaceOrientations_iPhone = "UIInterfaceOrientationPortrait UIInterfaceOrientationLandscapeLeft UIInterfaceOrientationLandscapeRight";
				IPHONEOS_DEPLOYMENT_TARGET = 17.6;
				LD_RUNPATH_SEARCH_PATHS = (
					"$(inherited)",
					"@executable_path/Frameworks",
				);
				MARKETING_VERSION = 1.0;
				PRODUCT_BUNDLE_IDENTIFIER = com.zdbk.SwiftPost.SwiftPost;
				PRODUCT_NAME = "$(TARGET_NAME)";
				STRING_CATALOG_GENERATE_SYMBOLS = YES;
				SWIFT_APPROACHABLE_CONCURRENCY = YES;
				SWIFT_DEFAULT_ACTOR_ISOLATION = MainActor;
				SWIFT_EMIT_LOC_STRINGS = YES;
				SWIFT_UPCOMING_FEATURE_MEMBER_IMPORT_VISIBILITY = YES;
				SWIFT_VERSION = 5.0;
				TARGETED_DEVICE_FAMILY = "1,2";
			};
			name = Release;
		};
		3341F6F12EBCA6A80042DACF /* Debug */ = {
			isa = XCBuildConfiguration;
			buildSettings = {
				BUNDLE_LOADER = "$(TEST_HOST)";
				CODE_SIGN_STYLE = Automatic;
				CURRENT_PROJECT_VERSION = 1;
				DEVELOPMENT_TEAM = 834XFBML77;
				GENERATE_INFOPLIST_FILE = YES;
				IPHONEOS_DEPLOYMENT_TARGET = 26.0;
				MARKETING_VERSION = 1.0;
				PRODUCT_BUNDLE_IDENTIFIER = com.zdbk.SwiftPost.SwiftPostTests;
				PRODUCT_NAME = "$(TARGET_NAME)";
				STRING_CATALOG_GENERATE_SYMBOLS = NO;
				SWIFT_APPROACHABLE_CONCURRENCY = YES;
				SWIFT_EMIT_LOC_STRINGS = NO;
				SWIFT_UPCOMING_FEATURE_MEMBER_IMPORT_VISIBILITY = YES;
				SWIFT_VERSION = 5.0;
				TARGETED_DEVICE_FAMILY = "1,2";
				TEST_HOST = "$(BUILT_PRODUCTS_DIR)/SwiftPost.app/$(BUNDLE_EXECUTABLE_FOLDER_PATH)/SwiftPost";
			};
			name = Debug;
		};
		3341F6F22EBCA6A80042DACF /* Release */ = {
			isa = XCBuildConfiguration;
			buildSettings = {
				BUNDLE_LOADER = "$(TEST_HOST)";
				CODE_SIGN_STYLE = Automatic;
				CURRENT_PROJECT_VERSION = 1;
				DEVELOPMENT_TEAM = 834XFBML77;
				GENERATE_INFOPLIST_FILE = YES;
				IPHONEOS_DEPLOYMENT_TARGET = 26.0;
				MARKETING_VERSION = 1.0;
				PRODUCT_BUNDLE_IDENTIFIER = com.zdbk.SwiftPost.SwiftPostTests;
				PRODUCT_NAME = "$(TARGET_NAME)";
				STRING_CATALOG_GENERATE_SYMBOLS = NO;
				SWIFT_APPROACHABLE_CONCURRENCY = YES;
				SWIFT_EMIT_LOC_STRINGS = NO;
				SWIFT_UPCOMING_FEATURE_MEMBER_IMPORT_VISIBILITY = YES;
				SWIFT_VERSION = 5.0;
				TARGETED_DEVICE_FAMILY = "1,2";
				TEST_HOST = "$(BUILT_PRODUCTS_DIR)/SwiftPost.app/$(BUNDLE_EXECUTABLE_FOLDER_PATH)/SwiftPost";
			};
			name = Release;
		};
		3341F6F42EBCA6A80042DACF /* Debug */ = {
			isa = XCBuildConfiguration;
			buildSettings = {
				CODE_SIGN_STYLE = Automatic;
				CURRENT_PROJECT_VERSION = 1;
				DEVELOPMENT_TEAM = 834XFBML77;
				GENERATE_INFOPLIST_FILE = YES;
				MARKETING_VERSION = 1.0;
				PRODUCT_BUNDLE_IDENTIFIER = com.zdbk.SwiftPost.SwiftPostUITests;
				PRODUCT_NAME = "$(TARGET_NAME)";
				STRING_CATALOG_GENERATE_SYMBOLS = NO;
				SWIFT_APPROACHABLE_CONCURRENCY = YES;
				SWIFT_EMIT_LOC_STRINGS = NO;
				SWIFT_UPCOMING_FEATURE_MEMBER_IMPORT_VISIBILITY = YES;
				SWIFT_VERSION = 5.0;
				TARGETED_DEVICE_FAMILY = "1,2";
				TEST_TARGET_NAME = SwiftPost;
			};
			name = Debug;
		};
		3341F6F52EBCA6A80042DACF /* Release */ = {
			isa = XCBuildConfiguration;
			buildSettings = {
				CODE_SIGN_STYLE = Automatic;
				CURRENT_PROJECT_VERSION = 1;
				DEVELOPMENT_TEAM = 834XFBML77;
				GENERATE_INFOPLIST_FILE = YES;
				MARKETING_VERSION = 1.0;
				PRODUCT_BUNDLE_IDENTIFIER = com.zdbk.SwiftPost.SwiftPostUITests;
				PRODUCT_NAME = "$(TARGET_NAME)";
				STRING_CATALOG_GENERATE_SYMBOLS = NO;
				SWIFT_APPROACHABLE_CONCURRENCY = YES;
				SWIFT_EMIT_LOC_STRINGS = NO;
				SWIFT_UPCOMING_FEATURE_MEMBER_IMPORT_VISIBILITY = YES;
				SWIFT_VERSION = 5.0;
				TARGETED_DEVICE_FAMILY = "1,2";
				TEST_TARGET_NAME = SwiftPost;
			};
			name = Release;
		};
		337EECF92EC013C200389FCA /* Debug */ = {
			isa = XCBuildConfiguration;
			buildSettings = {
				CODE_SIGN_STYLE = Automatic;
				CURRENT_PROJECT_VERSION = 1;
				DEVELOPMENT_TEAM = 64KW44F42K;
				GENERATE_INFOPLIST_FILE = YES;
				INFOPLIST_FILE = SlectableKeyboard/Info.plist;
				INFOPLIST_KEY_CFBundleDisplayName = SlectableKeyboard;
				INFOPLIST_KEY_NSHumanReadableCopyright = "";
				IPHONEOS_DEPLOYMENT_TARGET = 26.0;
				LD_RUNPATH_SEARCH_PATHS = (
					"$(inherited)",
					"@executable_path/Frameworks",
					"@executable_path/../../Frameworks",
				);
				MARKETING_VERSION = 1.0;
				PRODUCT_BUNDLE_IDENTIFIER = com.zdbk.SwiftPost.SwiftPost.SlectableKeyboard;
				PRODUCT_NAME = "$(TARGET_NAME)";
				SKIP_INSTALL = YES;
				STRING_CATALOG_GENERATE_SYMBOLS = YES;
				SWIFT_APPROACHABLE_CONCURRENCY = YES;
				SWIFT_EMIT_LOC_STRINGS = YES;
				SWIFT_UPCOMING_FEATURE_MEMBER_IMPORT_VISIBILITY = YES;
				SWIFT_VERSION = 5.0;
				TARGETED_DEVICE_FAMILY = "1,2";
			};
			name = Debug;
		};
		337EECFA2EC013C200389FCA /* Release */ = {
			isa = XCBuildConfiguration;
			buildSettings = {
				CODE_SIGN_STYLE = Automatic;
				CURRENT_PROJECT_VERSION = 1;
				DEVELOPMENT_TEAM = 64KW44F42K;
				GENERATE_INFOPLIST_FILE = YES;
				INFOPLIST_FILE = SlectableKeyboard/Info.plist;
				INFOPLIST_KEY_CFBundleDisplayName = SlectableKeyboard;
				INFOPLIST_KEY_NSHumanReadableCopyright = "";
				IPHONEOS_DEPLOYMENT_TARGET = 26.0;
				LD_RUNPATH_SEARCH_PATHS = (
					"$(inherited)",
					"@executable_path/Frameworks",
					"@executable_path/../../Frameworks",
				);
				MARKETING_VERSION = 1.0;
				PRODUCT_BUNDLE_IDENTIFIER = com.zdbk.SwiftPost.SwiftPost.SlectableKeyboard;
				PRODUCT_NAME = "$(TARGET_NAME)";
				SKIP_INSTALL = YES;
				STRING_CATALOG_GENERATE_SYMBOLS = YES;
				SWIFT_APPROACHABLE_CONCURRENCY = YES;
				SWIFT_EMIT_LOC_STRINGS = YES;
				SWIFT_UPCOMING_FEATURE_MEMBER_IMPORT_VISIBILITY = YES;
				SWIFT_VERSION = 5.0;
				TARGETED_DEVICE_FAMILY = "1,2";
			};
			name = Release;
		};
/* End XCBuildConfiguration section */

/* Begin XCConfigurationList section */
		3341F6C52EBCA6A60042DACF /* Build configuration list for PBXProject "SwiftPost" */ = {
			isa = XCConfigurationList;
			buildConfigurations = (
				3341F6EB2EBCA6A80042DACF /* Debug */,
				3341F6EC2EBCA6A80042DACF /* Release */,
			);
			defaultConfigurationIsVisible = 0;
			defaultConfigurationName = Release;
		};
		3341F6ED2EBCA6A80042DACF /* Build configuration list for PBXNativeTarget "SwiftPost" */ = {
			isa = XCConfigurationList;
			buildConfigurations = (
				3341F6EE2EBCA6A80042DACF /* Debug */,
				3341F6EF2EBCA6A80042DACF /* Release */,
			);
			defaultConfigurationIsVisible = 0;
			defaultConfigurationName = Release;
		};
		3341F6F02EBCA6A80042DACF /* Build configuration list for PBXNativeTarget "SwiftPostTests" */ = {
			isa = XCConfigurationList;
			buildConfigurations = (
				3341F6F12EBCA6A80042DACF /* Debug */,
				3341F6F22EBCA6A80042DACF /* Release */,
			);
			defaultConfigurationIsVisible = 0;
			defaultConfigurationName = Release;
		};
		3341F6F32EBCA6A80042DACF /* Build configuration list for PBXNativeTarget "SwiftPostUITests" */ = {
			isa = XCConfigurationList;
			buildConfigurations = (
				3341F6F42EBCA6A80042DACF /* Debug */,
				3341F6F52EBCA6A80042DACF /* Release */,
			);
			defaultConfigurationIsVisible = 0;
			defaultConfigurationName = Release;
		};
		337EECF82EC013C200389FCA /* Build configuration list for PBXNativeTarget "SlectableKeyboard" */ = {
			isa = XCConfigurationList;
			buildConfigurations = (
				337EECF92EC013C200389FCA /* Debug */,
				337EECFA2EC013C200389FCA /* Release */,
			);
			defaultConfigurationIsVisible = 0;
			defaultConfigurationName = Release;
		};
/* End XCConfigurationList section */
	};
	rootObject = 3341F6C22EBCA6A60042DACF /* Project object */;
}
